
Microsoft Visual Studio Solution File, Format Version 12.00
# Visual Studio 2013
VisualStudioVersion = 12.0.31101.0
MinimumVisualStudioVersion = 10.0.40219.1
Project("{FAE04EC0-301F-11D3-BF4B-00C04F79EFBC}") = "MessageREader", "MessageREader\MessageREader.csproj", "{935066E0-1775-4CDD-83FA-38C40D5FA97B}"
EndProject
Project("{FAE04EC0-301F-11D3-BF4B-00C04F79EFBC}") = "Messages", "Messages\Messages.csproj", "{7C6D37AF-9249-4A0A-BDC9-B38718F33613}"
EndProject
Global
	GlobalSection(SolutionConfigurationPlatforms) = preSolution
		Debug|Any CPU = Debug|Any CPU
		Release|Any CPU = Release|Any CPU
	EndGlobalSection
	GlobalSection(ProjectConfigurationPlatforms) = postSolution
		{935066E0-1775-4CDD-83FA-38C40D5FA97B}.Debug|Any CPU.ActiveCfg = Debug|Any CPU
		{935066E0-1775-4CDD-83FA-38C40D5FA97B}.Debug|Any CPU.Build.0 = Debug|Any CPU
		{935066E0-1775-4CDD-83FA-38C40D5FA97B}.Release|Any CPU.ActiveCfg = Release|Any CPU
		{935066E0-1775-4CDD-83FA-38C40D5FA97B}.Release|Any CPU.Build.0 = Release|Any CPU
		{7C6D37AF-9249-4A0A-BDC9-B38718F33613}.Debug|Any CPU.ActiveCfg = Debug|Any CPU
		{7C6D37AF-9249-4A0A-BDC9-B38718F33613}.Debug|Any CPU.Build.0 = Debug|Any CPU
		{7C6D37AF-9249-4A0A-BDC9-B38718F33613}.Release|Any CPU.ActiveCfg = Release|Any CPU
		{7C6D37AF-9249-4A0A-BDC9-B38718F33613}.Release|Any CPU.Build.0 = Release|Any CPU
	EndGlobalSection
	GlobalSection(SolutionProperties) = preSolution
		HideSolutionNode = FALSE
	EndGlobalSection
EndGlobal
