
Microsoft Visual Studio Solution File, Format Version 12.00
# Visual Studio 2013
VisualStudioVersion = 12.0.31101.0
MinimumVisualStudioVersion = 10.0.40219.1
Project("{FAE04EC0-301F-11D3-BF4B-00C04F79EFBC}") = "WebApi", "WebApi\WebApi.csproj", "{ED513E12-A48A-450F-ADBE-1631D8FEEE68}"
EndProject
Project("{FAE04EC0-301F-11D3-BF4B-00C04F79EFBC}") = "Client", "Client\Client.csproj", "{B0DB39BC-8714-458F-AF0C-FF09ED28608C}"
EndProject
Project("{FAE04EC0-301F-11D3-BF4B-00C04F79EFBC}") = "NServiceBusEndpoint", "NServiceBusEndpoint\NServiceBusEndpoint.csproj", "{FB869533-03E8-49DC-90E1-1291A2867138}"
EndProject
Project("{FAE04EC0-301F-11D3-BF4B-00C04F79EFBC}") = "Messages", "Messages\Messages.csproj", "{5EB7C2BB-5E34-4D7B-8EE1-2236FB972333}"
EndProject
Global
	GlobalSection(SolutionConfigurationPlatforms) = preSolution
		Debug|Any CPU = Debug|Any CPU
		Release|Any CPU = Release|Any CPU
	EndGlobalSection
	GlobalSection(ProjectConfigurationPlatforms) = postSolution
		{ED513E12-A48A-450F-ADBE-1631D8FEEE68}.Debug|Any CPU.ActiveCfg = Debug|Any CPU
		{ED513E12-A48A-450F-ADBE-1631D8FEEE68}.Debug|Any CPU.Build.0 = Debug|Any CPU
		{ED513E12-A48A-450F-ADBE-1631D8FEEE68}.Release|Any CPU.ActiveCfg = Release|Any CPU
		{ED513E12-A48A-450F-ADBE-1631D8FEEE68}.Release|Any CPU.Build.0 = Release|Any CPU
		{B0DB39BC-8714-458F-AF0C-FF09ED28608C}.Debug|Any CPU.ActiveCfg = Debug|Any CPU
		{B0DB39BC-8714-458F-AF0C-FF09ED28608C}.Debug|Any CPU.Build.0 = Debug|Any CPU
		{B0DB39BC-8714-458F-AF0C-FF09ED28608C}.Release|Any CPU.ActiveCfg = Release|Any CPU
		{B0DB39BC-8714-458F-AF0C-FF09ED28608C}.Release|Any CPU.Build.0 = Release|Any CPU
		{FB869533-03E8-49DC-90E1-1291A2867138}.Debug|Any CPU.ActiveCfg = Debug|Any CPU
		{FB869533-03E8-49DC-90E1-1291A2867138}.Debug|Any CPU.Build.0 = Debug|Any CPU
		{FB869533-03E8-49DC-90E1-1291A2867138}.Release|Any CPU.ActiveCfg = Release|Any CPU
		{FB869533-03E8-49DC-90E1-1291A2867138}.Release|Any CPU.Build.0 = Release|Any CPU
		{5EB7C2BB-5E34-4D7B-8EE1-2236FB972333}.Debug|Any CPU.ActiveCfg = Debug|Any CPU
		{5EB7C2BB-5E34-4D7B-8EE1-2236FB972333}.Debug|Any CPU.Build.0 = Debug|Any CPU
		{5EB7C2BB-5E34-4D7B-8EE1-2236FB972333}.Release|Any CPU.ActiveCfg = Release|Any CPU
		{5EB7C2BB-5E34-4D7B-8EE1-2236FB972333}.Release|Any CPU.Build.0 = Release|Any CPU
	EndGlobalSection
	GlobalSection(SolutionProperties) = preSolution
		HideSolutionNode = FALSE
	EndGlobalSection
EndGlobal
