
Microsoft Visual Studio Solution File, Format Version 11.00
# Visual Studio 2010
Project("{FAE04EC0-301F-11D3-BF4B-00C04F79EFBC}") = "Fanalca.Mail.Plantillas.Pdf.Adeinco", "Fanalca.Mail.Plantillas.Pdf.Adeinco.csproj", "{2091ADA1-92B4-44D0-88DC-15A38FED59BF}"
EndProject
Global
	GlobalSection(SolutionConfigurationPlatforms) = preSolution
		Debug|Any CPU = Debug|Any CPU
		Release|Any CPU = Release|Any CPU
	EndGlobalSection
	GlobalSection(ProjectConfigurationPlatforms) = postSolution
		{2091ADA1-92B4-44D0-88DC-15A38FED59BF}.Debug|Any CPU.ActiveCfg = Debug|Any CPU
		{2091ADA1-92B4-44D0-88DC-15A38FED59BF}.Debug|Any CPU.Build.0 = Debug|Any CPU
		{2091ADA1-92B4-44D0-88DC-15A38FED59BF}.Release|Any CPU.ActiveCfg = Release|Any CPU
		{2091ADA1-92B4-44D0-88DC-15A38FED59BF}.Release|Any CPU.Build.0 = Release|Any CPU
	EndGlobalSection
	GlobalSection(SolutionProperties) = preSolution
		HideSolutionNode = FALSE
	EndGlobalSection
EndGlobal
