
Microsoft Visual Studio Solution File, Format Version 12.00
# Visual Studio 2013
VisualStudioVersion = 12.0.31101.0
MinimumVisualStudioVersion = 10.0.40219.1
Project("{FAE04EC0-301F-11D3-BF4B-00C04F79EFBC}") = "ClassLibrary1", "ClassLibrary1\ClassLibrary1.csproj", "{084E566C-17A1-4B37-8C62-0EB16867AE54}"
EndProject
Project("{FAE04EC0-301F-11D3-BF4B-00C04F79EFBC}") = "ClassLibrary2", "ClassLibrary2\ClassLibrary2.csproj", "{7B831960-57D5-40AE-A78D-642B01B328A6}"
EndProject
Global
	GlobalSection(SolutionConfigurationPlatforms) = preSolution
		Debug|Any CPU = Debug|Any CPU
		Release|Any CPU = Release|Any CPU
	EndGlobalSection
	GlobalSection(ProjectConfigurationPlatforms) = postSolution
		{084E566C-17A1-4B37-8C62-0EB16867AE54}.Debug|Any CPU.ActiveCfg = Debug|Any CPU
		{084E566C-17A1-4B37-8C62-0EB16867AE54}.Debug|Any CPU.Build.0 = Debug|Any CPU
		{084E566C-17A1-4B37-8C62-0EB16867AE54}.Release|Any CPU.ActiveCfg = Release|Any CPU
		{084E566C-17A1-4B37-8C62-0EB16867AE54}.Release|Any CPU.Build.0 = Release|Any CPU
		{7B831960-57D5-40AE-A78D-642B01B328A6}.Debug|Any CPU.ActiveCfg = Debug|Any CPU
		{7B831960-57D5-40AE-A78D-642B01B328A6}.Debug|Any CPU.Build.0 = Debug|Any CPU
		{7B831960-57D5-40AE-A78D-642B01B328A6}.Release|Any CPU.ActiveCfg = Release|Any CPU
		{7B831960-57D5-40AE-A78D-642B01B328A6}.Release|Any CPU.Build.0 = Release|Any CPU
	EndGlobalSection
	GlobalSection(SolutionProperties) = preSolution
		HideSolutionNode = FALSE
	EndGlobalSection
EndGlobal
