
Microsoft Visual Studio Solution File, Format Version 12.00
# Visual Studio 15
VisualStudioVersion = 15.0.26403.7
MinimumVisualStudioVersion = 10.0.40219.1
Project("{FAE04EC0-301F-11D3-BF4B-00C04F79EFBC}") = "Fbs.Hosts.Endpoints.TestClientPayments", "Fbs.Hosts.Endpoints.TestClientPayments\Fbs.Hosts.Endpoints.TestClientPayments.csproj", "{B51FFA35-A2AA-49F4-848D-02914ED272A4}"
EndProject
Project("{FAE04EC0-301F-11D3-BF4B-00C04F79EFBC}") = "Fbs.Contracts", "Fbs.Contracts\Fbs.Contracts.csproj", "{FF6147F5-52C2-40EF-9482-78FBC09DF6C6}"
EndProject
Project("{FAE04EC0-301F-11D3-BF4B-00C04F79EFBC}") = "Fbs.Hosts.Endpoints.ClientPayments", "Fbs.Hosts.Endpoints.ClientPayments\Fbs.Hosts.Endpoints.ClientPayments.csproj", "{38C1F651-939A-4F2A-91FF-B4F0960D9A9A}"
EndProject
Global
	GlobalSection(SolutionConfigurationPlatforms) = preSolution
		Debug|Any CPU = Debug|Any CPU
		Release|Any CPU = Release|Any CPU
	EndGlobalSection
	GlobalSection(ProjectConfigurationPlatforms) = postSolution
		{B51FFA35-A2AA-49F4-848D-02914ED272A4}.Debug|Any CPU.ActiveCfg = Debug|Any CPU
		{B51FFA35-A2AA-49F4-848D-02914ED272A4}.Debug|Any CPU.Build.0 = Debug|Any CPU
		{B51FFA35-A2AA-49F4-848D-02914ED272A4}.Release|Any CPU.ActiveCfg = Release|Any CPU
		{B51FFA35-A2AA-49F4-848D-02914ED272A4}.Release|Any CPU.Build.0 = Release|Any CPU
		{FF6147F5-52C2-40EF-9482-78FBC09DF6C6}.Debug|Any CPU.ActiveCfg = Debug|Any CPU
		{FF6147F5-52C2-40EF-9482-78FBC09DF6C6}.Debug|Any CPU.Build.0 = Debug|Any CPU
		{FF6147F5-52C2-40EF-9482-78FBC09DF6C6}.Release|Any CPU.ActiveCfg = Release|Any CPU
		{FF6147F5-52C2-40EF-9482-78FBC09DF6C6}.Release|Any CPU.Build.0 = Release|Any CPU
		{38C1F651-939A-4F2A-91FF-B4F0960D9A9A}.Debug|Any CPU.ActiveCfg = Debug|Any CPU
		{38C1F651-939A-4F2A-91FF-B4F0960D9A9A}.Debug|Any CPU.Build.0 = Debug|Any CPU
		{38C1F651-939A-4F2A-91FF-B4F0960D9A9A}.Release|Any CPU.ActiveCfg = Release|Any CPU
		{38C1F651-939A-4F2A-91FF-B4F0960D9A9A}.Release|Any CPU.Build.0 = Release|Any CPU
	EndGlobalSection
	GlobalSection(SolutionProperties) = preSolution
		HideSolutionNode = FALSE
	EndGlobalSection
EndGlobal
