
Microsoft Visual Studio Solution File, Format Version 12.00
# Visual Studio 2013
VisualStudioVersion = 12.0.31101.0
MinimumVisualStudioVersion = 10.0.40219.1
Project("{FAE04EC0-301F-11D3-BF4B-00C04F79EFBC}") = "PortalWebAccess", "PortalWebAccess\PortalWebAccess.csproj", "{D14F5ED3-F965-4165-A35C-A9DBC6187BAA}"
EndProject
Project("{FAE04EC0-301F-11D3-BF4B-00C04F79EFBC}") = "PortalModel", "PortalModel\PortalModel.csproj", "{90C0E8B5-4608-46B9-BCF0-6B7CDCE100D1}"
EndProject
Project("{FAE04EC0-301F-11D3-BF4B-00C04F79EFBC}") = "Security", "Security\Security.csproj", "{352915D4-F631-4B9D-A205-5D1A96BB1454}"
EndProject
Global
	GlobalSection(TeamFoundationVersionControl) = preSolution
		SccNumberOfProjects = 4
		SccEnterpriseProvider = {4CA58AB2-18FA-4F8D-95D4-32DDF27D184C}
		SccTeamFoundationServer = http://dkstole-tfs2010:8080/tfs/tolerancedata
		SccLocalPath0 = .
		SccProjectUniqueName1 = PortalWebAccess\\PortalWebAccess.csproj
		SccProjectName1 = PortalWebAccess
		SccLocalPath1 = PortalWebAccess
		SccProjectUniqueName2 = PortalModel\\PortalModel.csproj
		SccProjectName2 = PortalModel
		SccLocalPath2 = PortalModel
		SccProjectUniqueName3 = Security\\Security.csproj
		SccProjectName3 = Security
		SccLocalPath3 = Security
	EndGlobalSection
	GlobalSection(SolutionConfigurationPlatforms) = preSolution
		Debug|Any CPU = Debug|Any CPU
		Release|Any CPU = Release|Any CPU
	EndGlobalSection
	GlobalSection(ProjectConfigurationPlatforms) = postSolution
		{D14F5ED3-F965-4165-A35C-A9DBC6187BAA}.Debug|Any CPU.ActiveCfg = Debug|Any CPU
		{D14F5ED3-F965-4165-A35C-A9DBC6187BAA}.Debug|Any CPU.Build.0 = Debug|Any CPU
		{D14F5ED3-F965-4165-A35C-A9DBC6187BAA}.Release|Any CPU.ActiveCfg = Release|Any CPU
		{D14F5ED3-F965-4165-A35C-A9DBC6187BAA}.Release|Any CPU.Build.0 = Release|Any CPU
		{90C0E8B5-4608-46B9-BCF0-6B7CDCE100D1}.Debug|Any CPU.ActiveCfg = Debug|Any CPU
		{90C0E8B5-4608-46B9-BCF0-6B7CDCE100D1}.Debug|Any CPU.Build.0 = Debug|Any CPU
		{90C0E8B5-4608-46B9-BCF0-6B7CDCE100D1}.Release|Any CPU.ActiveCfg = Release|Any CPU
		{90C0E8B5-4608-46B9-BCF0-6B7CDCE100D1}.Release|Any CPU.Build.0 = Release|Any CPU
		{352915D4-F631-4B9D-A205-5D1A96BB1454}.Debug|Any CPU.ActiveCfg = Debug|Any CPU
		{352915D4-F631-4B9D-A205-5D1A96BB1454}.Debug|Any CPU.Build.0 = Debug|Any CPU
		{352915D4-F631-4B9D-A205-5D1A96BB1454}.Release|Any CPU.ActiveCfg = Release|Any CPU
		{352915D4-F631-4B9D-A205-5D1A96BB1454}.Release|Any CPU.Build.0 = Release|Any CPU
	EndGlobalSection
	GlobalSection(SolutionProperties) = preSolution
		HideSolutionNode = FALSE
	EndGlobalSection
EndGlobal
