
Microsoft Visual Studio Solution File, Format Version 12.00
# Visual Studio 2013
VisualStudioVersion = 12.0.30501.0
MinimumVisualStudioVersion = 10.0.40219.1
Project("{FAE04EC0-301F-11D3-BF4B-00C04F79EFBC}") = "Swiftness.Test.Sender", "Swiftness.Test.Sender\Swiftness.Test.Sender.csproj", "{0B5A0188-492A-4FFC-8EF4-ECE3D3011C8B}"
EndProject
Project("{FAE04EC0-301F-11D3-BF4B-00C04F79EFBC}") = "Swiftness.Test.Common", "Swiftness.Test.Common\Swiftness.Test.Common.csproj", "{F3AA6353-7E4A-424A-B1EB-6E3D894E3D36}"
EndProject
Project("{FAE04EC0-301F-11D3-BF4B-00C04F79EFBC}") = "Swiftness.Test.Get", "Swiftness.Test.Get\Swiftness.Test.Get.csproj", "{AAE1286A-3107-49E0-A9AC-8EAC44BBCDBA}"
EndProject
Global
	GlobalSection(SolutionConfigurationPlatforms) = preSolution
		Debug|Any CPU = Debug|Any CPU
		Release|Any CPU = Release|Any CPU
	EndGlobalSection
	GlobalSection(ProjectConfigurationPlatforms) = postSolution
		{0B5A0188-492A-4FFC-8EF4-ECE3D3011C8B}.Debug|Any CPU.ActiveCfg = Debug|Any CPU
		{0B5A0188-492A-4FFC-8EF4-ECE3D3011C8B}.Debug|Any CPU.Build.0 = Debug|Any CPU
		{0B5A0188-492A-4FFC-8EF4-ECE3D3011C8B}.Release|Any CPU.ActiveCfg = Release|Any CPU
		{0B5A0188-492A-4FFC-8EF4-ECE3D3011C8B}.Release|Any CPU.Build.0 = Release|Any CPU
		{F3AA6353-7E4A-424A-B1EB-6E3D894E3D36}.Debug|Any CPU.ActiveCfg = Debug|Any CPU
		{F3AA6353-7E4A-424A-B1EB-6E3D894E3D36}.Debug|Any CPU.Build.0 = Debug|Any CPU
		{F3AA6353-7E4A-424A-B1EB-6E3D894E3D36}.Release|Any CPU.ActiveCfg = Release|Any CPU
		{F3AA6353-7E4A-424A-B1EB-6E3D894E3D36}.Release|Any CPU.Build.0 = Release|Any CPU
		{AAE1286A-3107-49E0-A9AC-8EAC44BBCDBA}.Debug|Any CPU.ActiveCfg = Debug|Any CPU
		{AAE1286A-3107-49E0-A9AC-8EAC44BBCDBA}.Debug|Any CPU.Build.0 = Debug|Any CPU
		{AAE1286A-3107-49E0-A9AC-8EAC44BBCDBA}.Release|Any CPU.ActiveCfg = Release|Any CPU
		{AAE1286A-3107-49E0-A9AC-8EAC44BBCDBA}.Release|Any CPU.Build.0 = Release|Any CPU
	EndGlobalSection
	GlobalSection(SolutionProperties) = preSolution
		HideSolutionNode = FALSE
	EndGlobalSection
EndGlobal
