
Microsoft Visual Studio Solution File, Format Version 12.00
# Visual Studio 2013
VisualStudioVersion = 12.0.30501.0
MinimumVisualStudioVersion = 10.0.40219.1
Project("{FAE04EC0-301F-11D3-BF4B-00C04F79EFBC}") = "Slb.BackupServiceConsoleEndpoint", "BackupServiceConsoleEndpoint\Slb.BackupServiceConsoleEndpoint.csproj", "{85E7FE1F-2104-4193-BB63-EAB63AEAFF60}"
EndProject
Project("{FAE04EC0-301F-11D3-BF4B-00C04F79EFBC}") = "Slb.ConsumerWindowsFormsApplication", "ConsumerWindowsFormsApplication\Slb.ConsumerWindowsFormsApplication.csproj", "{D4E7CDAF-DEC3-41A9-B2C8-90DB8AD86521}"
EndProject
Project("{FAE04EC0-301F-11D3-BF4B-00C04F79EFBC}") = "Slb.Messages", "Slb.Messages\Slb.Messages.csproj", "{2CCE5333-8770-4473-92ED-5B9AC90B43D7}"
EndProject
Global
	GlobalSection(SolutionConfigurationPlatforms) = preSolution
		Debug|Any CPU = Debug|Any CPU
		Release|Any CPU = Release|Any CPU
	EndGlobalSection
	GlobalSection(ProjectConfigurationPlatforms) = postSolution
		{85E7FE1F-2104-4193-BB63-EAB63AEAFF60}.Debug|Any CPU.ActiveCfg = Debug|Any CPU
		{85E7FE1F-2104-4193-BB63-EAB63AEAFF60}.Debug|Any CPU.Build.0 = Debug|Any CPU
		{85E7FE1F-2104-4193-BB63-EAB63AEAFF60}.Release|Any CPU.ActiveCfg = Release|Any CPU
		{85E7FE1F-2104-4193-BB63-EAB63AEAFF60}.Release|Any CPU.Build.0 = Release|Any CPU
		{D4E7CDAF-DEC3-41A9-B2C8-90DB8AD86521}.Debug|Any CPU.ActiveCfg = Debug|Any CPU
		{D4E7CDAF-DEC3-41A9-B2C8-90DB8AD86521}.Debug|Any CPU.Build.0 = Debug|Any CPU
		{D4E7CDAF-DEC3-41A9-B2C8-90DB8AD86521}.Release|Any CPU.ActiveCfg = Release|Any CPU
		{D4E7CDAF-DEC3-41A9-B2C8-90DB8AD86521}.Release|Any CPU.Build.0 = Release|Any CPU
		{2CCE5333-8770-4473-92ED-5B9AC90B43D7}.Debug|Any CPU.ActiveCfg = Debug|Any CPU
		{2CCE5333-8770-4473-92ED-5B9AC90B43D7}.Debug|Any CPU.Build.0 = Debug|Any CPU
		{2CCE5333-8770-4473-92ED-5B9AC90B43D7}.Release|Any CPU.ActiveCfg = Release|Any CPU
		{2CCE5333-8770-4473-92ED-5B9AC90B43D7}.Release|Any CPU.Build.0 = Release|Any CPU
	EndGlobalSection
	GlobalSection(SolutionProperties) = preSolution
		HideSolutionNode = FALSE
	EndGlobalSection
EndGlobal
